
Microsoft Visual Studio Solution File, Format Version 12.00
# Visual Studio Version 16
VisualStudioVersion = 16.0.31112.23
MinimumVisualStudioVersion = 10.0.40219.1
Project("{FAE04EC0-301F-11D3-BF4B-00C04F79EFBC}") = "Birds.Server", "Server\Birds.Server.csproj", "{00CD2A26-8EEC-4637-8A42-43257100A0B6}"
EndProject
Project("{FAE04EC0-301F-11D3-BF4B-00C04F79EFBC}") = "Birds.Client", "Client\Birds.Client.csproj", "{8F96F376-B0BA-4E59-A1DA-E12903CA214D}"
EndProject
Project("{FAE04EC0-301F-11D3-BF4B-00C04F79EFBC}") = "Birds.Shared", "Shared\Birds.Shared.csproj", "{AD0E67D6-4F38-4508-8CFC-77411734910A}"
EndProject
Global
	GlobalSection(SolutionConfigurationPlatforms) = preSolution
		Debug|Any CPU = Debug|Any CPU
		Release|Any CPU = Release|Any CPU
	EndGlobalSection
	GlobalSection(ProjectConfigurationPlatforms) = postSolution
		{00CD2A26-8EEC-4637-8A42-43257100A0B6}.Debug|Any CPU.ActiveCfg = Debug|Any CPU
		{00CD2A26-8EEC-4637-8A42-43257100A0B6}.Debug|Any CPU.Build.0 = Debug|Any CPU
		{00CD2A26-8EEC-4637-8A42-43257100A0B6}.Release|Any CPU.ActiveCfg = Release|Any CPU
		{00CD2A26-8EEC-4637-8A42-43257100A0B6}.Release|Any CPU.Build.0 = Release|Any CPU
		{8F96F376-B0BA-4E59-A1DA-E12903CA214D}.Debug|Any CPU.ActiveCfg = Debug|Any CPU
		{8F96F376-B0BA-4E59-A1DA-E12903CA214D}.Debug|Any CPU.Build.0 = Debug|Any CPU
		{8F96F376-B0BA-4E59-A1DA-E12903CA214D}.Release|Any CPU.ActiveCfg = Release|Any CPU
		{8F96F376-B0BA-4E59-A1DA-E12903CA214D}.Release|Any CPU.Build.0 = Release|Any CPU
		{AD0E67D6-4F38-4508-8CFC-77411734910A}.Debug|Any CPU.ActiveCfg = Debug|Any CPU
		{AD0E67D6-4F38-4508-8CFC-77411734910A}.Debug|Any CPU.Build.0 = Debug|Any CPU
		{AD0E67D6-4F38-4508-8CFC-77411734910A}.Release|Any CPU.ActiveCfg = Release|Any CPU
		{AD0E67D6-4F38-4508-8CFC-77411734910A}.Release|Any CPU.Build.0 = Release|Any CPU
	EndGlobalSection
	GlobalSection(SolutionProperties) = preSolution
		HideSolutionNode = FALSE
	EndGlobalSection
	GlobalSection(ExtensibilityGlobals) = postSolution
		SolutionGuid = {E4992B34-62AD-41C7-A9B8-553FBD306986}
	EndGlobalSection
EndGlobal
